# Generated by buf. DO NOT EDIT.
version: v1
deps:
  - remote: buf.build
    owner: meshapi
    repository: grpc-api-gateway
    commit: 5fbd2f11e71b4cf4ac8d83373577131f
    digest: shake256:cb35055e8aa4cd266877d95df5cd9432db80923507efbf96c2bd2823dd5cf26028bc7d71de7d760344e0f8c5f5d2353ad3336afd690088432f91de1f42a23e0c
